
Microsoft Visual Studio Solution File, Format Version 12.00
# Visual Studio Version 17
VisualStudioVersion = 17.11.35312.102
MinimumVisualStudioVersion = 10.0.40219.1
Project("{9A19103F-16F7-4668-BE54-9A1E7A4F7556}") = "API", "API\API.csproj", "{3E1E866E-9F9D-495C-A601-95856A98D3F5}"
EndProject
Project("{9A19103F-16F7-4668-BE54-9A1E7A4F7556}") = "Core", "Core\Core.csproj", "{34409040-7238-45EF-B08F-FC7C20569115}"
EndProject
Project("{9A19103F-16F7-4668-BE54-9A1E7A4F7556}") = "Infrustructure", "Infrustructure\Infrustructure.csproj", "{04133169-F477-44A4-B340-4B85CBE1639C}"
EndProject
Global
	GlobalSection(SolutionConfigurationPlatforms) = preSolution
		Debug|Any CPU = Debug|Any CPU
		Release|Any CPU = Release|Any CPU
	EndGlobalSection
	GlobalSection(ProjectConfigurationPlatforms) = postSolution
		{3E1E866E-9F9D-495C-A601-95856A98D3F5}.Debug|Any CPU.ActiveCfg = Debug|Any CPU
		{3E1E866E-9F9D-495C-A601-95856A98D3F5}.Debug|Any CPU.Build.0 = Debug|Any CPU
		{3E1E866E-9F9D-495C-A601-95856A98D3F5}.Release|Any CPU.ActiveCfg = Release|Any CPU
		{3E1E866E-9F9D-495C-A601-95856A98D3F5}.Release|Any CPU.Build.0 = Release|Any CPU
		{34409040-7238-45EF-B08F-FC7C20569115}.Debug|Any CPU.ActiveCfg = Debug|Any CPU
		{34409040-7238-45EF-B08F-FC7C20569115}.Debug|Any CPU.Build.0 = Debug|Any CPU
		{34409040-7238-45EF-B08F-FC7C20569115}.Release|Any CPU.ActiveCfg = Release|Any CPU
		{34409040-7238-45EF-B08F-FC7C20569115}.Release|Any CPU.Build.0 = Release|Any CPU
		{04133169-F477-44A4-B340-4B85CBE1639C}.Debug|Any CPU.ActiveCfg = Debug|Any CPU
		{04133169-F477-44A4-B340-4B85CBE1639C}.Debug|Any CPU.Build.0 = Debug|Any CPU
		{04133169-F477-44A4-B340-4B85CBE1639C}.Release|Any CPU.ActiveCfg = Release|Any CPU
		{04133169-F477-44A4-B340-4B85CBE1639C}.Release|Any CPU.Build.0 = Release|Any CPU
	EndGlobalSection
	GlobalSection(SolutionProperties) = preSolution
		HideSolutionNode = FALSE
	EndGlobalSection
	GlobalSection(ExtensibilityGlobals) = postSolution
		SolutionGuid = {1BF15B94-724C-4050-8CAA-7D8BA14736A2}
	EndGlobalSection
EndGlobal
